github.com/barbell-math/smoothbrain-bs v0.0.0-20250413064513-07ffeb7bce75 h1:Em6SzSHV+TjHBohziAm5rOBTspbgpP+lbY3m+p2qBck=
github.com/barbell-math/smoothbrain-bs v0.0.0-20250413064513-07ffeb7bce75/go.mod h1:FQWW2l1VFXaivWjczddZ565lW7JijYX9ox/lyA0rEBg=
github.com/barbell-math/smoothbrain-test v0.0.0-20250413025445-edf75f3181e9 h1:KDnisOE1vLHu1NdjSzK6eiafou6E0u4+avCkUxgPWzw=
github.com/barbell-math/smoothbrain-test v0.0.0-20250413025445-edf75f3181e9/go.mod h1:UD+zRn5xwirFE4ReMK1jKUxrg6odxuFVc//elyOEpCk=
golang.org/x/tools v0.32.0 h1:Q7N1vhpkQv7ybVzLFtTjvQya2ewbwNDZzUgfXGqtMWU=
golang.org/x/tools v0.32.0/go.mod h1:ZxrU41P/wAbZD8EDa6dDCa6XfpkhJ7HFMjHJXfBDu8s=
