github.com/barbell-math/smoothbrain-bs v0.0.0-20250413024405-b5f532135d37 h1:j1wEaXmoChxN+O13xcyH+wFJQWCHX4RPIzpMrtbNeXU=
github.com/barbell-math/smoothbrain-bs v0.0.0-20250413024405-b5f532135d37/go.mod h1:FQWW2l1VFXaivWjczddZ565lW7JijYX9ox/lyA0rEBg=
github.com/barbell-math/smoothbrain-test v0.0.0-20250330070941-777dd7dd5fb2 h1:e197bzPJ0/SOYtglNbhwGoBlnzfttxBg0a2qxh1uNE8=
github.com/barbell-math/smoothbrain-test v0.0.0-20250330070941-777dd7dd5fb2/go.mod h1:jHDI8FfAF7h9/If+Vm2tS0M3EU5MHjrCRbsrD8s2ayw=
