github.com/barbell-math/smoothbrain-bs v0.0.0-20250415081407-fdc0ff2c9d52 h1:pQYaD8vL/b4I7VjX6nKbZiqKf1lHIdck6aCkcWlptxY=
github.com/barbell-math/smoothbrain-bs v0.0.0-20250415081407-fdc0ff2c9d52/go.mod h1:FQWW2l1VFXaivWjczddZ565lW7JijYX9ox/lyA0rEBg=
github.com/barbell-math/smoothbrain-errs v0.0.0-20250415081734-4786c7d59be9 h1:hJn/2cqETJP4Nv91uIf33gCB7BKXOK3JEi+W+7T9Mg8=
github.com/barbell-math/smoothbrain-errs v0.0.0-20250415081734-4786c7d59be9/go.mod h1:YOgWyHDXSHiqud/adCybkoyywzNUi+ia0faw9y1Vong=
github.com/barbell-math/smoothbrain-test v0.0.0-20250415081647-e83afda15a94 h1:Odu4SvA53S47yswwnRDdfY1u5zWC0EUPhFpjAu+WFa0=
github.com/barbell-math/smoothbrain-test v0.0.0-20250415081647-e83afda15a94/go.mod h1:Cngin9zc/7/P5GGg90R9ltJoPPl1l9cGG1ZAlexa6o8=
golang.org/x/tools v0.32.0 h1:Q7N1vhpkQv7ybVzLFtTjvQya2ewbwNDZzUgfXGqtMWU=
golang.org/x/tools v0.32.0/go.mod h1:ZxrU41P/wAbZD8EDa6dDCa6XfpkhJ7HFMjHJXfBDu8s=
